// !$*UTF8*$!
{
	archiveVersion = 1;
	classes = {
	};
	objectVersion = 55;
	objects = {

/* Begin PBXBuildFile section */
		EE0E7F662A627D9E00952F8F /* ThemeStore.swift in Sources */ = {isa = PBXBuildFile; fileRef = EE0E7F652A627D9E00952F8F /* ThemeStore.swift */; };
		EE7B112D2886151400505FD5 /* Pie.swift in Sources */ = {isa = PBXBuildFile; fileRef = EE7B112C2886151400505FD5 /* Pie.swift */; };
		EE812CA32856B5F20004BCE9 /* MemorizeApp.swift in Sources */ = {isa = PBXBuildFile; fileRef = EE812CA22856B5F20004BCE9 /* MemorizeApp.swift */; };
		EE812CA52856B5F20004BCE9 /* EmojiMemoryGameView.swift in Sources */ = {isa = PBXBuildFile; fileRef = EE812CA42856B5F20004BCE9 /* EmojiMemoryGameView.swift */; };
		EE812CA72856B5F30004BCE9 /* Assets.xcassets in Resources */ = {isa = PBXBuildFile; fileRef = EE812CA62856B5F30004BCE9 /* Assets.xcassets */; };
		EE812CAA2856B5F30004BCE9 /* Preview Assets.xcassets in Resources */ = {isa = PBXBuildFile; fileRef = EE812CA92856B5F30004BCE9 /* Preview Assets.xcassets */; };
		EE8D298B2A09D84500428D80 /* Cardify.swift in Sources */ = {isa = PBXBuildFile; fileRef = EE8D298A2A09D84500428D80 /* Cardify.swift */; };
		EE9265DE2A60E21D00730FD4 /* ThemeChooser.swift in Sources */ = {isa = PBXBuildFile; fileRef = EE9265DD2A60E21D00730FD4 /* ThemeChooser.swift */; };
		EE9C16C72A66105C002F0385 /* UtilityView.swift in Sources */ = {isa = PBXBuildFile; fileRef = EE9C16C62A66105C002F0385 /* UtilityView.swift */; };
		EE9C16C92A661F76002F0385 /* UtilityExtentions.swift in Sources */ = {isa = PBXBuildFile; fileRef = EE9C16C82A661F76002F0385 /* UtilityExtentions.swift */; };
		EEA9C4172A68AC9B00C2D22F /* RGBAColor.swift in Sources */ = {isa = PBXBuildFile; fileRef = EEA9C4162A68AC9B00C2D22F /* RGBAColor.swift */; };
		EEB44867288506BA002B01E9 /* AspectVGrid.swift in Sources */ = {isa = PBXBuildFile; fileRef = EEB44866288506BA002B01E9 /* AspectVGrid.swift */; };
		EEDD07972A69F909001325E9 /* ThemeEditor.swift in Sources */ = {isa = PBXBuildFile; fileRef = EEDD07962A69F909001325E9 /* ThemeEditor.swift */; };
		EEE9D7D8286BDFBB00150970 /* MemoryGame.swift in Sources */ = {isa = PBXBuildFile; fileRef = EEE9D7D7286BDFBB00150970 /* MemoryGame.swift */; };
		EEE9D7DA286BE2F300150970 /* EmojiMemoryGame.swift in Sources */ = {isa = PBXBuildFile; fileRef = EEE9D7D9286BE2F300150970 /* EmojiMemoryGame.swift */; };
/* End PBXBuildFile section */

/* Begin PBXFileReference section */
		EE0E7F652A627D9E00952F8F /* ThemeStore.swift */ = {isa = PBXFileReference; lastKnownFileType = sourcecode.swift; path = ThemeStore.swift; sourceTree = "<group>"; };
		EE7B112C2886151400505FD5 /* Pie.swift */ = {isa = PBXFileReference; lastKnownFileType = sourcecode.swift; path = Pie.swift; sourceTree = "<group>"; };
		EE812C9F2856B5F20004BCE9 /* Memorize.app */ = {isa = PBXFileReference; explicitFileType = wrapper.application; includeInIndex = 0; path = Memorize.app; sourceTree = BUILT_PRODUCTS_DIR; };
		EE812CA22856B5F20004BCE9 /* MemorizeApp.swift */ = {isa = PBXFileReference; lastKnownFileType = sourcecode.swift; path = MemorizeApp.swift; sourceTree = "<group>"; };
		EE812CA42856B5F20004BCE9 /* EmojiMemoryGameView.swift */ = {isa = PBXFileReference; lastKnownFileType = sourcecode.swift; path = EmojiMemoryGameView.swift; sourceTree = "<group>"; };
		EE812CA62856B5F30004BCE9 /* Assets.xcassets */ = {isa = PBXFileReference; lastKnownFileType = folder.assetcatalog; path = Assets.xcassets; sourceTree = "<group>"; };
		EE812CA92856B5F30004BCE9 /* Preview Assets.xcassets */ = {isa = PBXFileReference; lastKnownFileType = folder.assetcatalog; path = "Preview Assets.xcassets"; sourceTree = "<group>"; };
		EE8D298A2A09D84500428D80 /* Cardify.swift */ = {isa = PBXFileReference; lastKnownFileType = sourcecode.swift; path = Cardify.swift; sourceTree = "<group>"; };
		EE9265DD2A60E21D00730FD4 /* ThemeChooser.swift */ = {isa = PBXFileReference; lastKnownFileType = sourcecode.swift; path = ThemeChooser.swift; sourceTree = "<group>"; };
		EE9C16C62A66105C002F0385 /* UtilityView.swift */ = {isa = PBXFileReference; lastKnownFileType = sourcecode.swift; path = UtilityView.swift; sourceTree = "<group>"; };
		EE9C16C82A661F76002F0385 /* UtilityExtentions.swift */ = {isa = PBXFileReference; lastKnownFileType = sourcecode.swift; path = UtilityExtentions.swift; sourceTree = "<group>"; };
		EEA9C4162A68AC9B00C2D22F /* RGBAColor.swift */ = {isa = PBXFileReference; lastKnownFileType = sourcecode.swift; path = RGBAColor.swift; sourceTree = "<group>"; };
		EEB44866288506BA002B01E9 /* AspectVGrid.swift */ = {isa = PBXFileReference; lastKnownFileType = sourcecode.swift; path = AspectVGrid.swift; sourceTree = "<group>"; };
		EEDD07962A69F909001325E9 /* ThemeEditor.swift */ = {isa = PBXFileReference; lastKnownFileType = sourcecode.swift; path = ThemeEditor.swift; sourceTree = "<group>"; };
		EEE9D7D7286BDFBB00150970 /* MemoryGame.swift */ = {isa = PBXFileReference; lastKnownFileType = sourcecode.swift; path = MemoryGame.swift; sourceTree = "<group>"; };
		EEE9D7D9286BE2F300150970 /* EmojiMemoryGame.swift */ = {isa = PBXFileReference; lastKnownFileType = sourcecode.swift; path = EmojiMemoryGame.swift; sourceTree = "<group>"; };
/* End PBXFileReference section */

/* Begin PBXFrameworksBuildPhase section */
		EE812C9C2856B5F20004BCE9 /* Frameworks */ = {
			isa = PBXFrameworksBuildPhase;
			buildActionMask = 2147483647;
			files = (
			);
			runOnlyForDeploymentPostprocessing = 0;
		};
/* End PBXFrameworksBuildPhase section */

/* Begin PBXGroup section */
		EE812C962856B5F20004BCE9 = {
			isa = PBXGroup;
			children = (
				EE812CA12856B5F20004BCE9 /* Memorize */,
				EE812CA02856B5F20004BCE9 /* Products */,
			);
			sourceTree = "<group>";
		};
		EE812CA02856B5F20004BCE9 /* Products */ = {
			isa = PBXGroup;
			children = (
				EE812C9F2856B5F20004BCE9 /* Memorize.app */,
			);
			name = Products;
			sourceTree = "<group>";
		};
		EE812CA12856B5F20004BCE9 /* Memorize */ = {
			isa = PBXGroup;
			children = (
				EE812CA42856B5F20004BCE9 /* EmojiMemoryGameView.swift */,
				EEE9D7D9286BE2F300150970 /* EmojiMemoryGame.swift */,
				EEE9D7D7286BDFBB00150970 /* MemoryGame.swift */,
				EE9265DD2A60E21D00730FD4 /* ThemeChooser.swift */,
				EE0E7F652A627D9E00952F8F /* ThemeStore.swift */,
				EEDD07962A69F909001325E9 /* ThemeEditor.swift */,
				EE812CA22856B5F20004BCE9 /* MemorizeApp.swift */,
				EE8D298A2A09D84500428D80 /* Cardify.swift */,
				EE7B112C2886151400505FD5 /* Pie.swift */,
				EEB44866288506BA002B01E9 /* AspectVGrid.swift */,
				EE9C16C62A66105C002F0385 /* UtilityView.swift */,
				EE9C16C82A661F76002F0385 /* UtilityExtentions.swift */,
				EEA9C4162A68AC9B00C2D22F /* RGBAColor.swift */,
				EE812CA62856B5F30004BCE9 /* Assets.xcassets */,
				EE812CA82856B5F30004BCE9 /* Preview Content */,
			);
			path = Memorize;
			sourceTree = "<group>";
		};
		EE812CA82856B5F30004BCE9 /* Preview Content */ = {
			isa = PBXGroup;
			children = (
				EE812CA92856B5F30004BCE9 /* Preview Assets.xcassets */,
			);
			path = "Preview Content";
			sourceTree = "<group>";
		};
/* End PBXGroup section */

/* Begin PBXNativeTarget section */
		EE812C9E2856B5F20004BCE9 /* Memorize */ = {
			isa = PBXNativeTarget;
			buildConfigurationList = EE812CAD2856B5F30004BCE9 /* Build configuration list for PBXNativeTarget "Memorize" */;
			buildPhases = (
				EE812C9B2856B5F20004BCE9 /* Sources */,
				EE812C9C2856B5F20004BCE9 /* Frameworks */,
				EE812C9D2856B5F20004BCE9 /* Resources */,
			);
			buildRules = (
			);
			dependencies = (
			);
			name = Memorize;
			productName = Memorize;
			productReference = EE812C9F2856B5F20004BCE9 /* Memorize.app */;
			productType = "com.apple.product-type.application";
		};
/* End PBXNativeTarget section */

/* Begin PBXProject section */
		EE812C972856B5F20004BCE9 /* Project object */ = {
			isa = PBXProject;
			attributes = {
				BuildIndependentTargetsInParallel = 1;
				LastSwiftUpdateCheck = 1340;
				LastUpgradeCheck = 1340;
				TargetAttributes = {
					EE812C9E2856B5F20004BCE9 = {
						CreatedOnToolsVersion = 13.4.1;
					};
				};
			};
			buildConfigurationList = EE812C9A2856B5F20004BCE9 /* Build configuration list for PBXProject "Memorize" */;
			compatibilityVersion = "Xcode 13.0";
			developmentRegion = en;
			hasScannedForEncodings = 0;
			knownRegions = (
				en,
				Base,
			);
			mainGroup = EE812C962856B5F20004BCE9;
			productRefGroup = EE812CA02856B5F20004BCE9 /* Products */;
			projectDirPath = "";
			projectRoot = "";
			targets = (
				EE812C9E2856B5F20004BCE9 /* Memorize */,
			);
		};
/* End PBXProject section */

/* Begin PBXResourcesBuildPhase section */
		EE812C9D2856B5F20004BCE9 /* Resources */ = {
			isa = PBXResourcesBuildPhase;
			buildActionMask = 2147483647;
			files = (
				EE812CAA2856B5F30004BCE9 /* Preview Assets.xcassets in Resources */,
				EE812CA72856B5F30004BCE9 /* Assets.xcassets in Resources */,
			);
			runOnlyForDeploymentPostprocessing = 0;
		};
/* End PBXResourcesBuildPhase section */

/* Begin PBXSourcesBuildPhase section */
		EE812C9B2856B5F20004BCE9 /* Sources */ = {
			isa = PBXSourcesBuildPhase;
			buildActionMask = 2147483647;
			files = (
				EE7B112D2886151400505FD5 /* Pie.swift in Sources */,
				EEDD07972A69F909001325E9 /* ThemeEditor.swift in Sources */,
				EE8D298B2A09D84500428D80 /* Cardify.swift in Sources */,
				EE9C16C92A661F76002F0385 /* UtilityExtentions.swift in Sources */,
				EEE9D7D8286BDFBB00150970 /* MemoryGame.swift in Sources */,
				EE9265DE2A60E21D00730FD4 /* ThemeChooser.swift in Sources */,
				EE812CA52856B5F20004BCE9 /* EmojiMemoryGameView.swift in Sources */,
				EE812CA32856B5F20004BCE9 /* MemorizeApp.swift in Sources */,
				EEB44867288506BA002B01E9 /* AspectVGrid.swift in Sources */,
				EE9C16C72A66105C002F0385 /* UtilityView.swift in Sources */,
				EEA9C4172A68AC9B00C2D22F /* RGBAColor.swift in Sources */,
				EE0E7F662A627D9E00952F8F /* ThemeStore.swift in Sources */,
				EEE9D7DA286BE2F300150970 /* EmojiMemoryGame.swift in Sources */,
			);
			runOnlyForDeploymentPostprocessing = 0;
		};
/* End PBXSourcesBuildPhase section */

/* Begin XCBuildConfiguration section */
		EE812CAB2856B5F30004BCE9 /* Debug */ = {
			isa = XCBuildConfiguration;
			buildSettings = {
				ALWAYS_SEARCH_USER_PATHS = NO;
				CLANG_ANALYZER_NONNULL = YES;
				CLANG_ANALYZER_NUMBER_OBJECT_CONVERSION = YES_AGGRESSIVE;
				CLANG_CXX_LANGUAGE_STANDARD = "gnu++17";
				CLANG_ENABLE_MODULES = YES;
				CLANG_ENABLE_OBJC_ARC = YES;
				CLANG_ENABLE_OBJC_WEAK = YES;
				CLANG_WARN_BLOCK_CAPTURE_AUTORELEASING = YES;
				CLANG_WARN_BOOL_CONVERSION = YES;
				CLANG_WARN_COMMA = YES;
				CLANG_WARN_CONSTANT_CONVERSION = YES;
				CLANG_WARN_DEPRECATED_OBJC_IMPLEMENTATIONS = YES;
				CLANG_WARN_DIRECT_OBJC_ISA_USAGE = YES_ERROR;
				CLANG_WARN_DOCUMENTATION_COMMENTS = YES;
				CLANG_WARN_EMPTY_BODY = YES;
				CLANG_WARN_ENUM_CONVERSION = YES;
				CLANG_WARN_INFINITE_RECURSION = YES;
				CLANG_WARN_INT_CONVERSION = YES;
				CLANG_WARN_NON_LITERAL_NULL_CONVERSION = YES;
				CLANG_WARN_OBJC_IMPLICIT_RETAIN_SELF = YES;
				CLANG_WARN_OBJC_LITERAL_CONVERSION = YES;
				CLANG_WARN_OBJC_ROOT_CLASS = YES_ERROR;
				CLANG_WARN_QUOTED_INCLUDE_IN_FRAMEWORK_HEADER = YES;
				CLANG_WARN_RANGE_LOOP_ANALYSIS = YES;
				CLANG_WARN_STRICT_PROTOTYPES = YES;
				CLANG_WARN_SUSPICIOUS_MOVE = YES;
				CLANG_WARN_UNGUARDED_AVAILABILITY = YES_AGGRESSIVE;
				CLANG_WARN_UNREACHABLE_CODE = YES;
				CLANG_WARN__DUPLICATE_METHOD_MATCH = YES;
				COPY_PHASE_STRIP = NO;
				DEBUG_INFORMATION_FORMAT = dwarf;
				ENABLE_STRICT_OBJC_MSGSEND = YES;
				ENABLE_TESTABILITY = YES;
				GCC_C_LANGUAGE_STANDARD = gnu11;
				GCC_DYNAMIC_NO_PIC = NO;
				GCC_NO_COMMON_BLOCKS = YES;
				GCC_OPTIMIZATION_LEVEL = 0;
				GCC_PREPROCESSOR_DEFINITIONS = (
					"DEBUG=1",
					"$(inherited)",
				);
				GCC_WARN_64_TO_32_BIT_CONVERSION = YES;
				GCC_WARN_ABOUT_RETURN_TYPE = YES_ERROR;
				GCC_WARN_UNDECLARED_SELECTOR = YES;
				GCC_WARN_UNINITIALIZED_AUTOS = YES_AGGRESSIVE;
				GCC_WARN_UNUSED_FUNCTION = YES;
				GCC_WARN_UNUSED_VARIABLE = YES;
				IPHONEOS_DEPLOYMENT_TARGET = 15.5;
				MTL_ENABLE_DEBUG_INFO = INCLUDE_SOURCE;
				MTL_FAST_MATH = YES;
				ONLY_ACTIVE_ARCH = YES;
				SDKROOT = iphoneos;
				SWIFT_ACTIVE_COMPILATION_CONDITIONS = DEBUG;
				SWIFT_OPTIMIZATION_LEVEL = "-Onone";
			};
			name = Debug;
		};
		EE812CAC2856B5F30004BCE9 /* Release */ = {
			isa = XCBuildConfiguration;
			buildSettings = {
				ALWAYS_SEARCH_USER_PATHS = NO;
				CLANG_ANALYZER_NONNULL = YES;
				CLANG_ANALYZER_NUMBER_OBJECT_CONVERSION = YES_AGGRESSIVE;
				CLANG_CXX_LANGUAGE_STANDARD = "gnu++17";
				CLANG_ENABLE_MODULES = YES;
				CLANG_ENABLE_OBJC_ARC = YES;
				CLANG_ENABLE_OBJC_WEAK = YES;
				CLANG_WARN_BLOCK_CAPTURE_AUTORELEASING = YES;
				CLANG_WARN_BOOL_CONVERSION = YES;
				CLANG_WARN_COMMA = YES;
				CLANG_WARN_CONSTANT_CONVERSION = YES;
				CLANG_WARN_DEPRECATED_OBJC_IMPLEMENTATIONS = YES;
				CLANG_WARN_DIRECT_OBJC_ISA_USAGE = YES_ERROR;
				CLANG_WARN_DOCUMENTATION_COMMENTS = YES;
				CLANG_WARN_EMPTY_BODY = YES;
				CLANG_WARN_ENUM_CONVERSION = YES;
				CLANG_WARN_INFINITE_RECURSION = YES;
				CLANG_WARN_INT_CONVERSION = YES;
				CLANG_WARN_NON_LITERAL_NULL_CONVERSION = YES;
				CLANG_WARN_OBJC_IMPLICIT_RETAIN_SELF = YES;
				CLANG_WARN_OBJC_LITERAL_CONVERSION = YES;
				CLANG_WARN_OBJC_ROOT_CLASS = YES_ERROR;
				CLANG_WARN_QUOTED_INCLUDE_IN_FRAMEWORK_HEADER = YES;
				CLANG_WARN_RANGE_LOOP_ANALYSIS = YES;
				CLANG_WARN_STRICT_PROTOTYPES = YES;
				CLANG_WARN_SUSPICIOUS_MOVE = YES;
				CLANG_WARN_UNGUARDED_AVAILABILITY = YES_AGGRESSIVE;
				CLANG_WARN_UNREACHABLE_CODE = YES;
				CLANG_WARN__DUPLICATE_METHOD_MATCH = YES;
				COPY_PHASE_STRIP = NO;
				DEBUG_INFORMATION_FORMAT = "dwarf-with-dsym";
				ENABLE_NS_ASSERTIONS = NO;
				ENABLE_STRICT_OBJC_MSGSEND = YES;
				GCC_C_LANGUAGE_STANDARD = gnu11;
				GCC_NO_COMMON_BLOCKS = YES;
				GCC_WARN_64_TO_32_BIT_CONVERSION = YES;
				GCC_WARN_ABOUT_RETURN_TYPE = YES_ERROR;
				GCC_WARN_UNDECLARED_SELECTOR = YES;
				GCC_WARN_UNINITIALIZED_AUTOS = YES_AGGRESSIVE;
				GCC_WARN_UNUSED_FUNCTION = YES;
				GCC_WARN_UNUSED_VARIABLE = YES;
				IPHONEOS_DEPLOYMENT_TARGET = 15.5;
				MTL_ENABLE_DEBUG_INFO = NO;
				MTL_FAST_MATH = YES;
				SDKROOT = iphoneos;
				SWIFT_COMPILATION_MODE = wholemodule;
				SWIFT_OPTIMIZATION_LEVEL = "-O";
				VALIDATE_PRODUCT = YES;
			};
			name = Release;
		};
		EE812CAE2856B5F30004BCE9 /* Debug */ = {
			isa = XCBuildConfiguration;
			buildSettings = {
				ASSETCATALOG_COMPILER_APPICON_NAME = AppIcon;
				ASSETCATALOG_COMPILER_GLOBAL_ACCENT_COLOR_NAME = AccentColor;
				CODE_SIGN_STYLE = Automatic;
				CURRENT_PROJECT_VERSION = 1;
				DEVELOPMENT_ASSET_PATHS = "\"Memorize/Preview Content\"";
				DEVELOPMENT_TEAM = RSCWF39P88;
				ENABLE_PREVIEWS = YES;
				GENERATE_INFOPLIST_FILE = YES;
				INFOPLIST_KEY_UIApplicationSceneManifest_Generation = YES;
				INFOPLIST_KEY_UIApplicationSupportsIndirectInputEvents = YES;
				INFOPLIST_KEY_UILaunchScreen_Generation = YES;
				INFOPLIST_KEY_UISupportedInterfaceOrientations_iPad = "UIInterfaceOrientationPortrait UIInterfaceOrientationPortraitUpsideDown UIInterfaceOrientationLandscapeLeft UIInterfaceOrientationLandscapeRight";
				INFOPLIST_KEY_UISupportedInterfaceOrientations_iPhone = "UIInterfaceOrientationPortrait UIInterfaceOrientationLandscapeLeft UIInterfaceOrientationLandscapeRight";
				LD_RUNPATH_SEARCH_PATHS = (
					"$(inherited)",
					"@executable_path/Frameworks",
				);
				MARKETING_VERSION = 1.0;
				PRODUCT_BUNDLE_IDENTIFIER = com.knowselfdaily.Memorize;
				PRODUCT_NAME = "$(TARGET_NAME)";
				SWIFT_EMIT_LOC_STRINGS = YES;
				SWIFT_VERSION = 5.0;
				TARGETED_DEVICE_FAMILY = "1,2";
			};
			name = Debug;
		};
		EE812CAF2856B5F30004BCE9 /* Release */ = {
			isa = XCBuildConfiguration;
			buildSettings = {
				ASSETCATALOG_COMPILER_APPICON_NAME = AppIcon;
				ASSETCATALOG_COMPILER_GLOBAL_ACCENT_COLOR_NAME = AccentColor;
				CODE_SIGN_STYLE = Automatic;
				CURRENT_PROJECT_VERSION = 1;
				DEVELOPMENT_ASSET_PATHS = "\"Memorize/Preview Content\"";
				DEVELOPMENT_TEAM = RSCWF39P88;
				ENABLE_PREVIEWS = YES;
				GENERATE_INFOPLIST_FILE = YES;
				INFOPLIST_KEY_UIApplicationSceneManifest_Generation = YES;
				INFOPLIST_KEY_UIApplicationSupportsIndirectInputEvents = YES;
				INFOPLIST_KEY_UILaunchScreen_Generation = YES;
				INFOPLIST_KEY_UISupportedInterfaceOrientations_iPad = "UIInterfaceOrientationPortrait UIInterfaceOrientationPortraitUpsideDown UIInterfaceOrientationLandscapeLeft UIInterfaceOrientationLandscapeRight";
				INFOPLIST_KEY_UISupportedInterfaceOrientations_iPhone = "UIInterfaceOrientationPortrait UIInterfaceOrientationLandscapeLeft UIInterfaceOrientationLandscapeRight";
				LD_RUNPATH_SEARCH_PATHS = (
					"$(inherited)",
					"@executable_path/Frameworks",
				);
				MARKETING_VERSION = 1.0;
				PRODUCT_BUNDLE_IDENTIFIER = com.knowselfdaily.Memorize;
				PRODUCT_NAME = "$(TARGET_NAME)";
				SWIFT_EMIT_LOC_STRINGS = YES;
				SWIFT_VERSION = 5.0;
				TARGETED_DEVICE_FAMILY = "1,2";
			};
			name = Release;
		};
/* End XCBuildConfiguration section */

/* Begin XCConfigurationList section */
		EE812C9A2856B5F20004BCE9 /* Build configuration list for PBXProject "Memorize" */ = {
			isa = XCConfigurationList;
			buildConfigurations = (
				EE812CAB2856B5F30004BCE9 /* Debug */,
				EE812CAC2856B5F30004BCE9 /* Release */,
			);
			defaultConfigurationIsVisible = 0;
			defaultConfigurationName = Release;
		};
		EE812CAD2856B5F30004BCE9 /* Build configuration list for PBXNativeTarget "Memorize" */ = {
			isa = XCConfigurationList;
			buildConfigurations = (
				EE812CAE2856B5F30004BCE9 /* Debug */,
				EE812CAF2856B5F30004BCE9 /* Release */,
			);
			defaultConfigurationIsVisible = 0;
			defaultConfigurationName = Release;
		};
/* End XCConfigurationList section */
	};
	rootObject = EE812C972856B5F20004BCE9 /* Project object */;
}
